
Microsoft Visual Studio Solution File, Format Version 12.00
# Visual Studio Version 17
VisualStudioVersion = 17.0.32112.339
MinimumVisualStudioVersion = 10.0.40219.1
Project("{FAE04EC0-301F-11D3-BF4B-00C04F79EFBC}") = "TwitchBot", "TwitchBot\TwitchBot.csproj", "{C442A34A-0ABA-4013-A524-5CC480ECF695}"
EndProject
Global
	GlobalSection(SolutionConfigurationPlatforms) = preSolution
		Debug|Any CPU = Debug|Any CPU
		Release|Any CPU = Release|Any CPU
	EndGlobalSection
	GlobalSection(ProjectConfigurationPlatforms) = postSolution
		{C442A34A-0ABA-4013-A524-5CC480ECF695}.Debug|Any CPU.ActiveCfg = Debug|Any CPU
		{C442A34A-0ABA-4013-A524-5CC480ECF695}.Debug|Any CPU.Build.0 = Debug|Any CPU
		{C442A34A-0ABA-4013-A524-5CC480ECF695}.Release|Any CPU.ActiveCfg = Release|Any CPU
		{C442A34A-0ABA-4013-A524-5CC480ECF695}.Release|Any CPU.Build.0 = Release|Any CPU
	EndGlobalSection
	GlobalSection(SolutionProperties) = preSolution
		HideSolutionNode = FALSE
	EndGlobalSection
	GlobalSection(ExtensibilityGlobals) = postSolution
		SolutionGuid = {538394A2-3C02-4D82-9B31-0E144C420D77}
	EndGlobalSection
EndGlobal
